
Microsoft Visual Studio Solution File, Format Version 12.00
# Visual Studio Version 17
VisualStudioVersion = 17.4.33213.308
MinimumVisualStudioVersion = 10.0.40219.1
Project("{2150E333-8FDC-42A3-9474-1A3956D46DE8}") = "Domain", "Domain", "{BD59C30D-79EB-4ED5-9300-4D44670219B4}"
EndProject
Project("{2150E333-8FDC-42A3-9474-1A3956D46DE8}") = "Core", "Core", "{A93834B0-8FD5-4677-BD3B-B2AEAB60CA40}"
EndProject
Project("{2150E333-8FDC-42A3-9474-1A3956D46DE8}") = "Business", "Business", "{7F485F3A-6FF3-44B2-BA8C-22F53B62FABE}"
EndProject
Project("{2150E333-8FDC-42A3-9474-1A3956D46DE8}") = "DataAccess", "DataAccess", "{DCE185EE-BD2D-48BA-90B6-B18A61349073}"
EndProject
Project("{2150E333-8FDC-42A3-9474-1A3956D46DE8}") = "UI", "UI", "{E423671B-5FD1-49DC-A7DD-69D79ECC86E9}"
EndProject
Project("{9A19103F-16F7-4668-BE54-9A1E7A4F7556}") = "CarRentX.Entity", "CarRentX.Entity\CarRentX.Entity.csproj", "{CE88CF9C-1CB0-4BAA-8CF5-B6E6D9553AF5}"
EndProject
Project("{9A19103F-16F7-4668-BE54-9A1E7A4F7556}") = "CarRentX.Repository", "CarRentX.Repository\CarRentX.Repository.csproj", "{DCD73DB7-C9D7-41BC-BCF5-6EA1B034E196}"
EndProject
Project("{9A19103F-16F7-4668-BE54-9A1E7A4F7556}") = "CarRentX.ContextDb", "CarRentX.ContextDb\CarRentX.ContextDb.csproj", "{53DC707F-5E0F-436D-B7DF-1C526C69C8AE}"
EndProject
Project("{9A19103F-16F7-4668-BE54-9A1E7A4F7556}") = "CarRentX.BaseRepository", "CarRentX.BaseRepository\CarRentX.BaseRepository.csproj", "{6AFD51F8-E6DE-40F0-A39D-657674AD5F40}"
EndProject
Project("{9A19103F-16F7-4668-BE54-9A1E7A4F7556}") = "CarRentX.BaseEntity", "CarRentX.BaseEntity\CarRentX.BaseEntity.csproj", "{E9C3E9C0-FE66-4D60-A0D3-BAAE7EE86EDF}"
EndProject
Project("{9A19103F-16F7-4668-BE54-9A1E7A4F7556}") = "CarRentX.Service", "CarRentX.Service\CarRentX.Service.csproj", "{AF7EACF9-81D3-41FB-8F37-DCA04D214011}"
EndProject
Project("{9A19103F-16F7-4668-BE54-9A1E7A4F7556}") = "CarRentX.Manager", "CarRentX.Manager\CarRentX.Manager.csproj", "{6E359C5F-6AB1-4DBB-BB2A-E52B689275CB}"
EndProject
Project("{9A19103F-16F7-4668-BE54-9A1E7A4F7556}") = "CarRentX.Utility", "CarRentX.Utility\CarRentX.Utility.csproj", "{2111FEBA-4679-4225-AE2D-16887D4FE835}"
EndProject
Project("{9A19103F-16F7-4668-BE54-9A1E7A4F7556}") = "CarRentX.DTO", "CarRentX.DTO\CarRentX.DTO.csproj", "{9B6B000C-E04B-4584-8E9C-3EFF8D96184B}"
EndProject
Project("{9A19103F-16F7-4668-BE54-9A1E7A4F7556}") = "CarRentX.Mapping", "CarRentX.Mapping\CarRentX.Mapping.csproj", "{628078FD-0CC5-4C96-AFA2-9E371CEA126F}"
EndProject
Project("{9A19103F-16F7-4668-BE54-9A1E7A4F7556}") = "CarRentX.UnitOfWork", "CarRentX.UnitOfWork\CarRentX.UnitOfWork.csproj", "{439A2030-A633-420D-BAE9-40325B7D2AA6}"
EndProject
Project("{2150E333-8FDC-42A3-9474-1A3956D46DE8}") = "Model", "Model", "{6AF3E613-18F1-4CC6-8EC0-C49DA2604E84}"
EndProject
Project("{FAE04EC0-301F-11D3-BF4B-00C04F79EFBC}") = "CarRentX.ViewModel", "CarRentX.ViewModel\CarRentX.ViewModel.csproj", "{30B6C7FD-226F-4F74-A442-62D4822059D5}"
EndProject
Global
	GlobalSection(SolutionConfigurationPlatforms) = preSolution
		Debug|Any CPU = Debug|Any CPU
		Release|Any CPU = Release|Any CPU
	EndGlobalSection
	GlobalSection(ProjectConfigurationPlatforms) = postSolution
		{CE88CF9C-1CB0-4BAA-8CF5-B6E6D9553AF5}.Debug|Any CPU.ActiveCfg = Debug|Any CPU
		{CE88CF9C-1CB0-4BAA-8CF5-B6E6D9553AF5}.Debug|Any CPU.Build.0 = Debug|Any CPU
		{CE88CF9C-1CB0-4BAA-8CF5-B6E6D9553AF5}.Release|Any CPU.ActiveCfg = Release|Any CPU
		{CE88CF9C-1CB0-4BAA-8CF5-B6E6D9553AF5}.Release|Any CPU.Build.0 = Release|Any CPU
		{DCD73DB7-C9D7-41BC-BCF5-6EA1B034E196}.Debug|Any CPU.ActiveCfg = Debug|Any CPU
		{DCD73DB7-C9D7-41BC-BCF5-6EA1B034E196}.Debug|Any CPU.Build.0 = Debug|Any CPU
		{DCD73DB7-C9D7-41BC-BCF5-6EA1B034E196}.Release|Any CPU.ActiveCfg = Release|Any CPU
		{DCD73DB7-C9D7-41BC-BCF5-6EA1B034E196}.Release|Any CPU.Build.0 = Release|Any CPU
		{53DC707F-5E0F-436D-B7DF-1C526C69C8AE}.Debug|Any CPU.ActiveCfg = Debug|Any CPU
		{53DC707F-5E0F-436D-B7DF-1C526C69C8AE}.Debug|Any CPU.Build.0 = Debug|Any CPU
		{53DC707F-5E0F-436D-B7DF-1C526C69C8AE}.Release|Any CPU.ActiveCfg = Release|Any CPU
		{53DC707F-5E0F-436D-B7DF-1C526C69C8AE}.Release|Any CPU.Build.0 = Release|Any CPU
		{6AFD51F8-E6DE-40F0-A39D-657674AD5F40}.Debug|Any CPU.ActiveCfg = Debug|Any CPU
		{6AFD51F8-E6DE-40F0-A39D-657674AD5F40}.Debug|Any CPU.Build.0 = Debug|Any CPU
		{6AFD51F8-E6DE-40F0-A39D-657674AD5F40}.Release|Any CPU.ActiveCfg = Release|Any CPU
		{6AFD51F8-E6DE-40F0-A39D-657674AD5F40}.Release|Any CPU.Build.0 = Release|Any CPU
		{E9C3E9C0-FE66-4D60-A0D3-BAAE7EE86EDF}.Debug|Any CPU.ActiveCfg = Debug|Any CPU
		{E9C3E9C0-FE66-4D60-A0D3-BAAE7EE86EDF}.Debug|Any CPU.Build.0 = Debug|Any CPU
		{E9C3E9C0-FE66-4D60-A0D3-BAAE7EE86EDF}.Release|Any CPU.ActiveCfg = Release|Any CPU
		{E9C3E9C0-FE66-4D60-A0D3-BAAE7EE86EDF}.Release|Any CPU.Build.0 = Release|Any CPU
		{AF7EACF9-81D3-41FB-8F37-DCA04D214011}.Debug|Any CPU.ActiveCfg = Debug|Any CPU
		{AF7EACF9-81D3-41FB-8F37-DCA04D214011}.Debug|Any CPU.Build.0 = Debug|Any CPU
		{AF7EACF9-81D3-41FB-8F37-DCA04D214011}.Release|Any CPU.ActiveCfg = Release|Any CPU
		{AF7EACF9-81D3-41FB-8F37-DCA04D214011}.Release|Any CPU.Build.0 = Release|Any CPU
		{6E359C5F-6AB1-4DBB-BB2A-E52B689275CB}.Debug|Any CPU.ActiveCfg = Debug|Any CPU
		{6E359C5F-6AB1-4DBB-BB2A-E52B689275CB}.Debug|Any CPU.Build.0 = Debug|Any CPU
		{6E359C5F-6AB1-4DBB-BB2A-E52B689275CB}.Release|Any CPU.ActiveCfg = Release|Any CPU
		{6E359C5F-6AB1-4DBB-BB2A-E52B689275CB}.Release|Any CPU.Build.0 = Release|Any CPU
		{2111FEBA-4679-4225-AE2D-16887D4FE835}.Debug|Any CPU.ActiveCfg = Debug|Any CPU
		{2111FEBA-4679-4225-AE2D-16887D4FE835}.Debug|Any CPU.Build.0 = Debug|Any CPU
		{2111FEBA-4679-4225-AE2D-16887D4FE835}.Release|Any CPU.ActiveCfg = Release|Any CPU
		{2111FEBA-4679-4225-AE2D-16887D4FE835}.Release|Any CPU.Build.0 = Release|Any CPU
		{9B6B000C-E04B-4584-8E9C-3EFF8D96184B}.Debug|Any CPU.ActiveCfg = Debug|Any CPU
		{9B6B000C-E04B-4584-8E9C-3EFF8D96184B}.Debug|Any CPU.Build.0 = Debug|Any CPU
		{9B6B000C-E04B-4584-8E9C-3EFF8D96184B}.Release|Any CPU.ActiveCfg = Release|Any CPU
		{9B6B000C-E04B-4584-8E9C-3EFF8D96184B}.Release|Any CPU.Build.0 = Release|Any CPU
		{628078FD-0CC5-4C96-AFA2-9E371CEA126F}.Debug|Any CPU.ActiveCfg = Debug|Any CPU
		{628078FD-0CC5-4C96-AFA2-9E371CEA126F}.Debug|Any CPU.Build.0 = Debug|Any CPU
		{628078FD-0CC5-4C96-AFA2-9E371CEA126F}.Release|Any CPU.ActiveCfg = Release|Any CPU
		{628078FD-0CC5-4C96-AFA2-9E371CEA126F}.Release|Any CPU.Build.0 = Release|Any CPU
		{439A2030-A633-420D-BAE9-40325B7D2AA6}.Debug|Any CPU.ActiveCfg = Debug|Any CPU
		{439A2030-A633-420D-BAE9-40325B7D2AA6}.Debug|Any CPU.Build.0 = Debug|Any CPU
		{439A2030-A633-420D-BAE9-40325B7D2AA6}.Release|Any CPU.ActiveCfg = Release|Any CPU
		{439A2030-A633-420D-BAE9-40325B7D2AA6}.Release|Any CPU.Build.0 = Release|Any CPU
		{30B6C7FD-226F-4F74-A442-62D4822059D5}.Debug|Any CPU.ActiveCfg = Debug|Any CPU
		{30B6C7FD-226F-4F74-A442-62D4822059D5}.Debug|Any CPU.Build.0 = Debug|Any CPU
		{30B6C7FD-226F-4F74-A442-62D4822059D5}.Release|Any CPU.ActiveCfg = Release|Any CPU
		{30B6C7FD-226F-4F74-A442-62D4822059D5}.Release|Any CPU.Build.0 = Release|Any CPU
	EndGlobalSection
	GlobalSection(SolutionProperties) = preSolution
		HideSolutionNode = FALSE
	EndGlobalSection
	GlobalSection(NestedProjects) = preSolution
		{CE88CF9C-1CB0-4BAA-8CF5-B6E6D9553AF5} = {BD59C30D-79EB-4ED5-9300-4D44670219B4}
		{DCD73DB7-C9D7-41BC-BCF5-6EA1B034E196} = {DCE185EE-BD2D-48BA-90B6-B18A61349073}
		{53DC707F-5E0F-436D-B7DF-1C526C69C8AE} = {DCE185EE-BD2D-48BA-90B6-B18A61349073}
		{6AFD51F8-E6DE-40F0-A39D-657674AD5F40} = {A93834B0-8FD5-4677-BD3B-B2AEAB60CA40}
		{E9C3E9C0-FE66-4D60-A0D3-BAAE7EE86EDF} = {A93834B0-8FD5-4677-BD3B-B2AEAB60CA40}
		{AF7EACF9-81D3-41FB-8F37-DCA04D214011} = {7F485F3A-6FF3-44B2-BA8C-22F53B62FABE}
		{6E359C5F-6AB1-4DBB-BB2A-E52B689275CB} = {7F485F3A-6FF3-44B2-BA8C-22F53B62FABE}
		{2111FEBA-4679-4225-AE2D-16887D4FE835} = {A93834B0-8FD5-4677-BD3B-B2AEAB60CA40}
		{9B6B000C-E04B-4584-8E9C-3EFF8D96184B} = {BD59C30D-79EB-4ED5-9300-4D44670219B4}
		{628078FD-0CC5-4C96-AFA2-9E371CEA126F} = {A93834B0-8FD5-4677-BD3B-B2AEAB60CA40}
		{439A2030-A633-420D-BAE9-40325B7D2AA6} = {DCE185EE-BD2D-48BA-90B6-B18A61349073}
		{30B6C7FD-226F-4F74-A442-62D4822059D5} = {6AF3E613-18F1-4CC6-8EC0-C49DA2604E84}
	EndGlobalSection
	GlobalSection(ExtensibilityGlobals) = postSolution
		SolutionGuid = {91D43D81-831B-4B10-B90B-B7FED1FDE858}
	EndGlobalSection
EndGlobal
